
Microsoft Visual Studio Solution File, Format Version 12.00
# Visual Studio Version 17
VisualStudioVersion = 17.3.32922.545
MinimumVisualStudioVersion = 10.0.40219.1
Project("{FAE04EC0-301F-11D3-BF4B-00C04F79EFBC}") = "root_quadratic_equation", "root_quadratic_equation.csproj", "{BFB9D3DA-1D18-463D-ADD8-D6B6ED4E3C32}"
EndProject
Global
	GlobalSection(SolutionConfigurationPlatforms) = preSolution
		Debug|Any CPU = Debug|Any CPU
		Release|Any CPU = Release|Any CPU
	EndGlobalSection
	GlobalSection(ProjectConfigurationPlatforms) = postSolution
		{BFB9D3DA-1D18-463D-ADD8-D6B6ED4E3C32}.Debug|Any CPU.ActiveCfg = Debug|Any CPU
		{BFB9D3DA-1D18-463D-ADD8-D6B6ED4E3C32}.Debug|Any CPU.Build.0 = Debug|Any CPU
		{BFB9D3DA-1D18-463D-ADD8-D6B6ED4E3C32}.Release|Any CPU.ActiveCfg = Release|Any CPU
		{BFB9D3DA-1D18-463D-ADD8-D6B6ED4E3C32}.Release|Any CPU.Build.0 = Release|Any CPU
	EndGlobalSection
	GlobalSection(SolutionProperties) = preSolution
		HideSolutionNode = FALSE
	EndGlobalSection
	GlobalSection(ExtensibilityGlobals) = postSolution
		SolutionGuid = {1AEDE8AE-2AD7-45EC-AD33-5C0AD3C7C08D}
	EndGlobalSection
EndGlobal
